{
  "name": "ecommerce-app",
  "lockfileVersion": 3,
  "requires": true,
  "packages": {
    "": {
      "dependencies": {
        "@stripe/stripe-js": "^2.1.7"
      }
    },
    "node_modules/@stripe/stripe-js": {
      "version": "2.1.7",
      "resolved": "https://registry.npmjs.org/@stripe/stripe-js/-/stripe-js-2.1.7.tgz",
      "integrity": "sha512-oI620ARpFp5jCXfwIYMxyBJmtTFuAjSA8x3k3JgW1M6cvLmw9XgmNcGNegQWmirpozhFNflxrZEgp10og+6MSA=="
    }
  }
}
